// !$*UTF8*$!
{
	archiveVersion = 1;
	classes = {
	};
	objectVersion = 50;
	objects = {

/* Begin PBXBuildFile section */
		0C1AC02E21B1BEBA0032E09E /* Udlej_AlleMedarbejdere.swift in Sources */ = {isa = PBXBuildFile; fileRef = 0C1AC02D21B1BEBA0032E09E /* Udlej_AlleMedarbejdere.swift */; };
		0C1AC03021B1CBC70032E09E /* UdlejMedarbejder.swift in Sources */ = {isa = PBXBuildFile; fileRef = 0C1AC02F21B1CBC70032E09E /* UdlejMedarbejder.swift */; };
		0C8EE5B121B6A7C300FE2CDD /* OpretBrugerVirk.swift in Sources */ = {isa = PBXBuildFile; fileRef = 0C8EE5B021B6A7C200FE2CDD /* OpretBrugerVirk.swift */; };
		0C8EE5B321B6B30000FE2CDD /* OpretBrugerKontakt.swift in Sources */ = {isa = PBXBuildFile; fileRef = 0C8EE5B221B6B30000FE2CDD /* OpretBrugerKontakt.swift */; };
		0C8EE5B521B6BBE800FE2CDD /* OpretBrugerLogin.swift in Sources */ = {isa = PBXBuildFile; fileRef = 0C8EE5B421B6BBE800FE2CDD /* OpretBrugerLogin.swift */; };
		0C8EE5B721B6E88B00FE2CDD /* TabBarController.swift in Sources */ = {isa = PBXBuildFile; fileRef = 0C8EE5B621B6E88B00FE2CDD /* TabBarController.swift */; };
		0C8EE5D121B8391600FE2CDD /* GoogleService-Info.plist in Resources */ = {isa = PBXBuildFile; fileRef = 0C8EE5D021B8391600FE2CDD /* GoogleService-Info.plist */; };
		99B735D35C8313F3F6DFD594 /* Pods_FlexicuV4.framework in Frameworks */ = {isa = PBXBuildFile; fileRef = D3AEA7BF07DC354B348130D0 /* Pods_FlexicuV4.framework */; };
		FD50008D21AFE8B100D9886E /* AppDelegate.swift in Sources */ = {isa = PBXBuildFile; fileRef = FD50008C21AFE8B100D9886E /* AppDelegate.swift */; };
		FD50009221AFE8B100D9886E /* Main.storyboard in Resources */ = {isa = PBXBuildFile; fileRef = FD50009021AFE8B100D9886E /* Main.storyboard */; };
		FD50009421AFE8B300D9886E /* Assets.xcassets in Resources */ = {isa = PBXBuildFile; fileRef = FD50009321AFE8B300D9886E /* Assets.xcassets */; };
		FD50009721AFE8B300D9886E /* LaunchScreen.storyboard in Resources */ = {isa = PBXBuildFile; fileRef = FD50009521AFE8B300D9886E /* LaunchScreen.storyboard */; };
		FD5000A821AFF70300D9886E /* Login.swift in Sources */ = {isa = PBXBuildFile; fileRef = FD5000A721AFF70300D9886E /* Login.swift */; };
		FD5000AF21AFF79100D9886E /* Udlej.swift in Sources */ = {isa = PBXBuildFile; fileRef = FD5000A921AFF79000D9886E /* Udlej.swift */; };
		FD5000B021AFF79100D9886E /* Lej.swift in Sources */ = {isa = PBXBuildFile; fileRef = FD5000AA21AFF79000D9886E /* Lej.swift */; };
		FD5000B121AFF79100D9886E /* Indbakke.swift in Sources */ = {isa = PBXBuildFile; fileRef = FD5000AB21AFF79100D9886E /* Indbakke.swift */; };
		FD5000B321AFF79100D9886E /* MineMedarbejdere.swift in Sources */ = {isa = PBXBuildFile; fileRef = FD5000AD21AFF79100D9886E /* MineMedarbejdere.swift */; };
		FD5000B421AFF79100D9886E /* HovedMenu.swift in Sources */ = {isa = PBXBuildFile; fileRef = FD5000AE21AFF79100D9886E /* HovedMenu.swift */; };
		FD5000B921AFF84500D9886E /* UdlejedeMedarbejdereCollectionViewCell.swift in Sources */ = {isa = PBXBuildFile; fileRef = FD5000B621AFF84400D9886E /* UdlejedeMedarbejdereCollectionViewCell.swift */; };
		FD5000BA21AFF84500D9886E /* AlleMedarbejdereCVCell.swift in Sources */ = {isa = PBXBuildFile; fileRef = FD5000B721AFF84400D9886E /* AlleMedarbejdereCVCell.swift */; };
		FD5000BB21AFF84500D9886E /* LejetArbejdskraftCVCell.swift in Sources */ = {isa = PBXBuildFile; fileRef = FD5000B821AFF84400D9886E /* LejetArbejdskraftCVCell.swift */; };
		FD5000C021AFF86900D9886E /* Medarbejder.swift in Sources */ = {isa = PBXBuildFile; fileRef = FD5000BD21AFF86900D9886E /* Medarbejder.swift */; };
		FD5000C121AFF86900D9886E /* Adresse.swift in Sources */ = {isa = PBXBuildFile; fileRef = FD5000BE21AFF86900D9886E /* Adresse.swift */; };
		FD5000C221AFF86900D9886E /* Loen.swift in Sources */ = {isa = PBXBuildFile; fileRef = FD5000BF21AFF86900D9886E /* Loen.swift */; };
		FDBC0E3621B565F90057075D /* IndgaaedeAftaler.swift in Sources */ = {isa = PBXBuildFile; fileRef = FDBC0E3521B565F90057075D /* IndgaaedeAftaler.swift */; };
/* End PBXBuildFile section */

/* Begin PBXFileReference section */
		0C1AC02D21B1BEBA0032E09E /* Udlej_AlleMedarbejdere.swift */ = {isa = PBXFileReference; lastKnownFileType = sourcecode.swift; path = Udlej_AlleMedarbejdere.swift; sourceTree = "<group>"; };
		0C1AC02F21B1CBC70032E09E /* UdlejMedarbejder.swift */ = {isa = PBXFileReference; lastKnownFileType = sourcecode.swift; path = UdlejMedarbejder.swift; sourceTree = "<group>"; };
		0C8EE5B021B6A7C200FE2CDD /* OpretBrugerVirk.swift */ = {isa = PBXFileReference; lastKnownFileType = sourcecode.swift; path = OpretBrugerVirk.swift; sourceTree = "<group>"; };
		0C8EE5B221B6B30000FE2CDD /* OpretBrugerKontakt.swift */ = {isa = PBXFileReference; lastKnownFileType = sourcecode.swift; path = OpretBrugerKontakt.swift; sourceTree = "<group>"; };
		0C8EE5B421B6BBE800FE2CDD /* OpretBrugerLogin.swift */ = {isa = PBXFileReference; lastKnownFileType = sourcecode.swift; path = OpretBrugerLogin.swift; sourceTree = "<group>"; };
		0C8EE5B621B6E88B00FE2CDD /* TabBarController.swift */ = {isa = PBXFileReference; lastKnownFileType = sourcecode.swift; path = TabBarController.swift; sourceTree = "<group>"; };
		0C8EE5D021B8391600FE2CDD /* GoogleService-Info.plist */ = {isa = PBXFileReference; fileEncoding = 4; lastKnownFileType = text.plist.xml; path = "GoogleService-Info.plist"; sourceTree = "<group>"; };
		1C323334DE8D4FE5788C0A32 /* Pods-FlexicuV4.debug.xcconfig */ = {isa = PBXFileReference; includeInIndex = 1; lastKnownFileType = text.xcconfig; name = "Pods-FlexicuV4.debug.xcconfig"; path = "Pods/Target Support Files/Pods-FlexicuV4/Pods-FlexicuV4.debug.xcconfig"; sourceTree = "<group>"; };
		78C2F8E8285841EBA6316FA4 /* Pods-FlexicuV4.release.xcconfig */ = {isa = PBXFileReference; includeInIndex = 1; lastKnownFileType = text.xcconfig; name = "Pods-FlexicuV4.release.xcconfig"; path = "Pods/Target Support Files/Pods-FlexicuV4/Pods-FlexicuV4.release.xcconfig"; sourceTree = "<group>"; };
		D3AEA7BF07DC354B348130D0 /* Pods_FlexicuV4.framework */ = {isa = PBXFileReference; explicitFileType = wrapper.framework; includeInIndex = 0; path = Pods_FlexicuV4.framework; sourceTree = BUILT_PRODUCTS_DIR; };
		FD50008921AFE8B100D9886E /* FlexicuV4.app */ = {isa = PBXFileReference; explicitFileType = wrapper.application; includeInIndex = 0; path = FlexicuV4.app; sourceTree = BUILT_PRODUCTS_DIR; };
		FD50008C21AFE8B100D9886E /* AppDelegate.swift */ = {isa = PBXFileReference; lastKnownFileType = sourcecode.swift; path = AppDelegate.swift; sourceTree = "<group>"; };
		FD50009121AFE8B100D9886E /* Base */ = {isa = PBXFileReference; lastKnownFileType = file.storyboard; name = Base; path = Base.lproj/Main.storyboard; sourceTree = "<group>"; };
		FD50009321AFE8B300D9886E /* Assets.xcassets */ = {isa = PBXFileReference; lastKnownFileType = folder.assetcatalog; path = Assets.xcassets; sourceTree = "<group>"; };
		FD50009621AFE8B300D9886E /* Base */ = {isa = PBXFileReference; lastKnownFileType = file.storyboard; name = Base; path = Base.lproj/LaunchScreen.storyboard; sourceTree = "<group>"; };
		FD50009821AFE8B300D9886E /* Info.plist */ = {isa = PBXFileReference; lastKnownFileType = text.plist.xml; path = Info.plist; sourceTree = "<group>"; };
		FD5000A721AFF70300D9886E /* Login.swift */ = {isa = PBXFileReference; fileEncoding = 4; lastKnownFileType = sourcecode.swift; path = Login.swift; sourceTree = "<group>"; };
		FD5000A921AFF79000D9886E /* Udlej.swift */ = {isa = PBXFileReference; lastKnownFileType = sourcecode.swift; path = Udlej.swift; sourceTree = "<group>"; };
		FD5000AA21AFF79000D9886E /* Lej.swift */ = {isa = PBXFileReference; lastKnownFileType = sourcecode.swift; path = Lej.swift; sourceTree = "<group>"; };
		FD5000AB21AFF79100D9886E /* Indbakke.swift */ = {isa = PBXFileReference; lastKnownFileType = sourcecode.swift; path = Indbakke.swift; sourceTree = "<group>"; };
		FD5000AD21AFF79100D9886E /* MineMedarbejdere.swift */ = {isa = PBXFileReference; lastKnownFileType = sourcecode.swift; path = MineMedarbejdere.swift; sourceTree = "<group>"; };
		FD5000AE21AFF79100D9886E /* HovedMenu.swift */ = {isa = PBXFileReference; lastKnownFileType = sourcecode.swift; path = HovedMenu.swift; sourceTree = "<group>"; };
		FD5000B621AFF84400D9886E /* UdlejedeMedarbejdereCollectionViewCell.swift */ = {isa = PBXFileReference; fileEncoding = 4; lastKnownFileType = sourcecode.swift; path = UdlejedeMedarbejdereCollectionViewCell.swift; sourceTree = "<group>"; };
		FD5000B721AFF84400D9886E /* AlleMedarbejdereCVCell.swift */ = {isa = PBXFileReference; fileEncoding = 4; lastKnownFileType = sourcecode.swift; path = AlleMedarbejdereCVCell.swift; sourceTree = "<group>"; };
		FD5000B821AFF84400D9886E /* LejetArbejdskraftCVCell.swift */ = {isa = PBXFileReference; fileEncoding = 4; lastKnownFileType = sourcecode.swift; path = LejetArbejdskraftCVCell.swift; sourceTree = "<group>"; };
		FD5000BD21AFF86900D9886E /* Medarbejder.swift */ = {isa = PBXFileReference; fileEncoding = 4; lastKnownFileType = sourcecode.swift; path = Medarbejder.swift; sourceTree = "<group>"; };
		FD5000BE21AFF86900D9886E /* Adresse.swift */ = {isa = PBXFileReference; fileEncoding = 4; lastKnownFileType = sourcecode.swift; path = Adresse.swift; sourceTree = "<group>"; };
		FD5000BF21AFF86900D9886E /* Loen.swift */ = {isa = PBXFileReference; fileEncoding = 4; lastKnownFileType = sourcecode.swift; path = Loen.swift; sourceTree = "<group>"; };
		FDBC0E3521B565F90057075D /* IndgaaedeAftaler.swift */ = {isa = PBXFileReference; lastKnownFileType = sourcecode.swift; path = IndgaaedeAftaler.swift; sourceTree = "<group>"; };
/* End PBXFileReference section */

/* Begin PBXFrameworksBuildPhase section */
		FD50008621AFE8B100D9886E /* Frameworks */ = {
			isa = PBXFrameworksBuildPhase;
			buildActionMask = 2147483647;
			files = (
				99B735D35C8313F3F6DFD594 /* Pods_FlexicuV4.framework in Frameworks */,
			);
			runOnlyForDeploymentPostprocessing = 0;
		};
/* End PBXFrameworksBuildPhase section */

/* Begin PBXGroup section */
		0C8EE5C621B8372700FE2CDD /* Recovered References */ = {
			isa = PBXGroup;
			children = (
			);
			name = "Recovered References";
			sourceTree = "<group>";
		};
		0EECA8A5123FFD06CC16FDD1 /* Pods */ = {
			isa = PBXGroup;
			children = (
				1C323334DE8D4FE5788C0A32 /* Pods-FlexicuV4.debug.xcconfig */,
				78C2F8E8285841EBA6316FA4 /* Pods-FlexicuV4.release.xcconfig */,
			);
			name = Pods;
			sourceTree = "<group>";
		};
		B9A5E174227ED2BC21C3CB1A /* Frameworks */ = {
			isa = PBXGroup;
			children = (
				D3AEA7BF07DC354B348130D0 /* Pods_FlexicuV4.framework */,
			);
			name = Frameworks;
			sourceTree = "<group>";
		};
		FD50008021AFE8B100D9886E = {
			isa = PBXGroup;
			children = (
				FD50008B21AFE8B100D9886E /* FlexicuV4 */,
				FD50008A21AFE8B100D9886E /* Products */,
				0EECA8A5123FFD06CC16FDD1 /* Pods */,
				B9A5E174227ED2BC21C3CB1A /* Frameworks */,
				0C8EE5C621B8372700FE2CDD /* Recovered References */,
			);
			sourceTree = "<group>";
		};
		FD50008A21AFE8B100D9886E /* Products */ = {
			isa = PBXGroup;
			children = (
				FD50008921AFE8B100D9886E /* FlexicuV4.app */,
			);
			name = Products;
			sourceTree = "<group>";
		};
		FD50008B21AFE8B100D9886E /* FlexicuV4 */ = {
			isa = PBXGroup;
			children = (
				FD5000BC21AFF85B00D9886E /* Model */,
				FD5000B521AFF81E00D9886E /* CollectionviewCeller */,
				FD5000A621AFF6EF00D9886E /* Presenters */,
				FD50008C21AFE8B100D9886E /* AppDelegate.swift */,
				FD50009021AFE8B100D9886E /* Main.storyboard */,
				FD50009321AFE8B300D9886E /* Assets.xcassets */,
				FD50009521AFE8B300D9886E /* LaunchScreen.storyboard */,
				FD50009821AFE8B300D9886E /* Info.plist */,
				0C8EE5D021B8391600FE2CDD /* GoogleService-Info.plist */,
			);
			path = FlexicuV4;
			sourceTree = "<group>";
		};
		FD5000A621AFF6EF00D9886E /* Presenters */ = {
			isa = PBXGroup;
			children = (
				FD5000AE21AFF79100D9886E /* HovedMenu.swift */,
				FD5000AB21AFF79100D9886E /* Indbakke.swift */,
				0C8EE5B421B6BBE800FE2CDD /* OpretBrugerLogin.swift */,
				0C8EE5B021B6A7C200FE2CDD /* OpretBrugerVirk.swift */,
				0C8EE5B221B6B30000FE2CDD /* OpretBrugerKontakt.swift */,
				0C8EE5B621B6E88B00FE2CDD /* TabBarController.swift */,
				FD5000AA21AFF79000D9886E /* Lej.swift */,
				0C1AC02F21B1CBC70032E09E /* UdlejMedarbejder.swift */,
				FD5000AD21AFF79100D9886E /* MineMedarbejdere.swift */,
				FD5000A921AFF79000D9886E /* Udlej.swift */,
				FD5000A721AFF70300D9886E /* Login.swift */,
				FDBC0E3521B565F90057075D /* IndgaaedeAftaler.swift */,
			);
			path = Presenters;
			sourceTree = "<group>";
		};
		FD5000B521AFF81E00D9886E /* CollectionviewCeller */ = {
			isa = PBXGroup;
			children = (
				FD5000B721AFF84400D9886E /* AlleMedarbejdereCVCell.swift */,
				0C1AC02D21B1BEBA0032E09E /* Udlej_AlleMedarbejdere.swift */,
				FD5000B821AFF84400D9886E /* LejetArbejdskraftCVCell.swift */,
				FD5000B621AFF84400D9886E /* UdlejedeMedarbejdereCollectionViewCell.swift */,
			);
			path = CollectionviewCeller;
			sourceTree = "<group>";
		};
		FD5000BC21AFF85B00D9886E /* Model */ = {
			isa = PBXGroup;
			children = (
				FD5000BE21AFF86900D9886E /* Adresse.swift */,
				FD5000BF21AFF86900D9886E /* Loen.swift */,
				FD5000BD21AFF86900D9886E /* Medarbejder.swift */,
			);
			path = Model;
			sourceTree = "<group>";
		};
/* End PBXGroup section */

/* Begin PBXNativeTarget section */
		FD50008821AFE8B100D9886E /* FlexicuV4 */ = {
			isa = PBXNativeTarget;
			buildConfigurationList = FD50009B21AFE8B300D9886E /* Build configuration list for PBXNativeTarget "FlexicuV4" */;
			buildPhases = (
				26D8783C2EFC52396538B9A8 /* [CP] Check Pods Manifest.lock */,
				FD50008521AFE8B100D9886E /* Sources */,
				FD50008621AFE8B100D9886E /* Frameworks */,
				FD50008721AFE8B100D9886E /* Resources */,
				3C3E504191782B22C4CBD4E2 /* [CP] Embed Pods Frameworks */,
			);
			buildRules = (
			);
			dependencies = (
			);
			name = FlexicuV4;
			productName = FlexicuV4;
			productReference = FD50008921AFE8B100D9886E /* FlexicuV4.app */;
			productType = "com.apple.product-type.application";
		};
/* End PBXNativeTarget section */

/* Begin PBXProject section */
		FD50008121AFE8B100D9886E /* Project object */ = {
			isa = PBXProject;
			attributes = {
				LastSwiftUpdateCheck = 0940;
				LastUpgradeCheck = 0940;
				ORGANIZATIONNAME = "DTu Diplom";
				TargetAttributes = {
					FD50008821AFE8B100D9886E = {
						CreatedOnToolsVersion = 9.4.1;
					};
				};
			};
			buildConfigurationList = FD50008421AFE8B100D9886E /* Build configuration list for PBXProject "FlexicuV4" */;
			compatibilityVersion = "Xcode 9.3";
			developmentRegion = en;
			hasScannedForEncodings = 0;
			knownRegions = (
				en,
				Base,
			);
			mainGroup = FD50008021AFE8B100D9886E;
			productRefGroup = FD50008A21AFE8B100D9886E /* Products */;
			projectDirPath = "";
			projectRoot = "";
			targets = (
				FD50008821AFE8B100D9886E /* FlexicuV4 */,
			);
		};
/* End PBXProject section */

/* Begin PBXResourcesBuildPhase section */
		FD50008721AFE8B100D9886E /* Resources */ = {
			isa = PBXResourcesBuildPhase;
			buildActionMask = 2147483647;
			files = (
				FD50009721AFE8B300D9886E /* LaunchScreen.storyboard in Resources */,
				0C8EE5D121B8391600FE2CDD /* GoogleService-Info.plist in Resources */,
				FD50009421AFE8B300D9886E /* Assets.xcassets in Resources */,
				FD50009221AFE8B100D9886E /* Main.storyboard in Resources */,
			);
			runOnlyForDeploymentPostprocessing = 0;
		};
/* End PBXResourcesBuildPhase section */

/* Begin PBXShellScriptBuildPhase section */
		26D8783C2EFC52396538B9A8 /* [CP] Check Pods Manifest.lock */ = {
			isa = PBXShellScriptBuildPhase;
			buildActionMask = 2147483647;
			files = (
			);
			inputPaths = (
				"${PODS_PODFILE_DIR_PATH}/Podfile.lock",
				"${PODS_ROOT}/Manifest.lock",
			);
			name = "[CP] Check Pods Manifest.lock";
			outputPaths = (
				"$(DERIVED_FILE_DIR)/Pods-FlexicuV4-checkManifestLockResult.txt",
			);
			runOnlyForDeploymentPostprocessing = 0;
			shellPath = /bin/sh;
			shellScript = "diff \"${PODS_PODFILE_DIR_PATH}/Podfile.lock\" \"${PODS_ROOT}/Manifest.lock\" > /dev/null\nif [ $? != 0 ] ; then\n    # print error to STDERR\n    echo \"error: The sandbox is not in sync with the Podfile.lock. Run 'pod install' or update your CocoaPods installation.\" >&2\n    exit 1\nfi\n# This output is used by Xcode 'outputs' to avoid re-running this script phase.\necho \"SUCCESS\" > \"${SCRIPT_OUTPUT_FILE_0}\"\n";
			showEnvVarsInLog = 0;
		};
		3C3E504191782B22C4CBD4E2 /* [CP] Embed Pods Frameworks */ = {
			isa = PBXShellScriptBuildPhase;
			buildActionMask = 2147483647;
			files = (
			);
			inputPaths = (
				"${SRCROOT}/Pods/Target Support Files/Pods-FlexicuV4/Pods-FlexicuV4-frameworks.sh",
				"${BUILT_PRODUCTS_DIR}/GTMSessionFetcher/GTMSessionFetcher.framework",
				"${BUILT_PRODUCTS_DIR}/GoogleUtilities/GoogleUtilities.framework",
				"${BUILT_PRODUCTS_DIR}/leveldb-library/leveldb.framework",
				"${BUILT_PRODUCTS_DIR}/nanopb/nanopb.framework",
			);
			name = "[CP] Embed Pods Frameworks";
			outputPaths = (
				"${TARGET_BUILD_DIR}/${FRAMEWORKS_FOLDER_PATH}/GTMSessionFetcher.framework",
				"${TARGET_BUILD_DIR}/${FRAMEWORKS_FOLDER_PATH}/GoogleUtilities.framework",
				"${TARGET_BUILD_DIR}/${FRAMEWORKS_FOLDER_PATH}/leveldb.framework",
				"${TARGET_BUILD_DIR}/${FRAMEWORKS_FOLDER_PATH}/nanopb.framework",
			);
			runOnlyForDeploymentPostprocessing = 0;
			shellPath = /bin/sh;
			shellScript = "\"${SRCROOT}/Pods/Target Support Files/Pods-FlexicuV4/Pods-FlexicuV4-frameworks.sh\"\n";
			showEnvVarsInLog = 0;
		};
/* End PBXShellScriptBuildPhase section */

/* Begin PBXSourcesBuildPhase section */
		FD50008521AFE8B100D9886E /* Sources */ = {
			isa = PBXSourcesBuildPhase;
			buildActionMask = 2147483647;
			files = (
				FD50008D21AFE8B100D9886E /* AppDelegate.swift in Sources */,
				0C8EE5B521B6BBE800FE2CDD /* OpretBrugerLogin.swift in Sources */,
				FD5000A821AFF70300D9886E /* Login.swift in Sources */,
				FDBC0E3621B565F90057075D /* IndgaaedeAftaler.swift in Sources */,
				FD5000B921AFF84500D9886E /* UdlejedeMedarbejdereCollectionViewCell.swift in Sources */,
				FD5000C121AFF86900D9886E /* Adresse.swift in Sources */,
				FD5000C021AFF86900D9886E /* Medarbejder.swift in Sources */,
				FD5000BA21AFF84500D9886E /* AlleMedarbejdereCVCell.swift in Sources */,
				0C1AC03021B1CBC70032E09E /* UdlejMedarbejder.swift in Sources */,
				FD5000AF21AFF79100D9886E /* Udlej.swift in Sources */,
				FD5000B321AFF79100D9886E /* MineMedarbejdere.swift in Sources */,
				0C8EE5B321B6B30000FE2CDD /* OpretBrugerKontakt.swift in Sources */,
				FD5000C221AFF86900D9886E /* Loen.swift in Sources */,
				0C8EE5B721B6E88B00FE2CDD /* TabBarController.swift in Sources */,
				FD5000B421AFF79100D9886E /* HovedMenu.swift in Sources */,
				0C1AC02E21B1BEBA0032E09E /* Udlej_AlleMedarbejdere.swift in Sources */,
				FD5000B021AFF79100D9886E /* Lej.swift in Sources */,
				FD5000BB21AFF84500D9886E /* LejetArbejdskraftCVCell.swift in Sources */,
				FD5000B121AFF79100D9886E /* Indbakke.swift in Sources */,
				0C8EE5B121B6A7C300FE2CDD /* OpretBrugerVirk.swift in Sources */,
			);
			runOnlyForDeploymentPostprocessing = 0;
		};
/* End PBXSourcesBuildPhase section */

/* Begin PBXVariantGroup section */
		FD50009021AFE8B100D9886E /* Main.storyboard */ = {
			isa = PBXVariantGroup;
			children = (
				FD50009121AFE8B100D9886E /* Base */,
			);
			name = Main.storyboard;
			sourceTree = "<group>";
		};
		FD50009521AFE8B300D9886E /* LaunchScreen.storyboard */ = {
			isa = PBXVariantGroup;
			children = (
				FD50009621AFE8B300D9886E /* Base */,
			);
			name = LaunchScreen.storyboard;
			sourceTree = "<group>";
		};
/* End PBXVariantGroup section */

/* Begin XCBuildConfiguration section */
		FD50009921AFE8B300D9886E /* Debug */ = {
			isa = XCBuildConfiguration;
			buildSettings = {
				ALWAYS_SEARCH_USER_PATHS = NO;
				CLANG_ANALYZER_NONNULL = YES;
				CLANG_ANALYZER_NUMBER_OBJECT_CONVERSION = YES_AGGRESSIVE;
				CLANG_CXX_LANGUAGE_STANDARD = "gnu++14";
				CLANG_CXX_LIBRARY = "libc++";
				CLANG_ENABLE_MODULES = YES;
				CLANG_ENABLE_OBJC_ARC = YES;
				CLANG_ENABLE_OBJC_WEAK = YES;
				CLANG_WARN_BLOCK_CAPTURE_AUTORELEASING = YES;
				CLANG_WARN_BOOL_CONVERSION = YES;
				CLANG_WARN_COMMA = YES;
				CLANG_WARN_CONSTANT_CONVERSION = YES;
				CLANG_WARN_DEPRECATED_OBJC_IMPLEMENTATIONS = YES;
				CLANG_WARN_DIRECT_OBJC_ISA_USAGE = YES_ERROR;
				CLANG_WARN_DOCUMENTATION_COMMENTS = YES;
				CLANG_WARN_EMPTY_BODY = YES;
				CLANG_WARN_ENUM_CONVERSION = YES;
				CLANG_WARN_INFINITE_RECURSION = YES;
				CLANG_WARN_INT_CONVERSION = YES;
				CLANG_WARN_NON_LITERAL_NULL_CONVERSION = YES;
				CLANG_WARN_OBJC_IMPLICIT_RETAIN_SELF = YES;
				CLANG_WARN_OBJC_LITERAL_CONVERSION = YES;
				CLANG_WARN_OBJC_ROOT_CLASS = YES_ERROR;
				CLANG_WARN_RANGE_LOOP_ANALYSIS = YES;
				CLANG_WARN_STRICT_PROTOTYPES = YES;
				CLANG_WARN_SUSPICIOUS_MOVE = YES;
				CLANG_WARN_UNGUARDED_AVAILABILITY = YES_AGGRESSIVE;
				CLANG_WARN_UNREACHABLE_CODE = YES;
				CLANG_WARN__DUPLICATE_METHOD_MATCH = YES;
				CODE_SIGN_IDENTITY = "iPhone Developer";
				COPY_PHASE_STRIP = NO;
				DEBUG_INFORMATION_FORMAT = dwarf;
				ENABLE_STRICT_OBJC_MSGSEND = YES;
				ENABLE_TESTABILITY = YES;
				GCC_C_LANGUAGE_STANDARD = gnu11;
				GCC_DYNAMIC_NO_PIC = NO;
				GCC_NO_COMMON_BLOCKS = YES;
				GCC_OPTIMIZATION_LEVEL = 0;
				GCC_PREPROCESSOR_DEFINITIONS = (
					"DEBUG=1",
					"$(inherited)",
				);
				GCC_WARN_64_TO_32_BIT_CONVERSION = YES;
				GCC_WARN_ABOUT_RETURN_TYPE = YES_ERROR;
				GCC_WARN_UNDECLARED_SELECTOR = YES;
				GCC_WARN_UNINITIALIZED_AUTOS = YES_AGGRESSIVE;
				GCC_WARN_UNUSED_FUNCTION = YES;
				GCC_WARN_UNUSED_VARIABLE = YES;
				IPHONEOS_DEPLOYMENT_TARGET = 11.4;
				MTL_ENABLE_DEBUG_INFO = YES;
				ONLY_ACTIVE_ARCH = YES;
				SDKROOT = iphoneos;
				SWIFT_ACTIVE_COMPILATION_CONDITIONS = DEBUG;
				SWIFT_OPTIMIZATION_LEVEL = "-Onone";
			};
			name = Debug;
		};
		FD50009A21AFE8B300D9886E /* Release */ = {
			isa = XCBuildConfiguration;
			buildSettings = {
				ALWAYS_SEARCH_USER_PATHS = NO;
				CLANG_ANALYZER_NONNULL = YES;
				CLANG_ANALYZER_NUMBER_OBJECT_CONVERSION = YES_AGGRESSIVE;
				CLANG_CXX_LANGUAGE_STANDARD = "gnu++14";
				CLANG_CXX_LIBRARY = "libc++";
				CLANG_ENABLE_MODULES = YES;
				CLANG_ENABLE_OBJC_ARC = YES;
				CLANG_ENABLE_OBJC_WEAK = YES;
				CLANG_WARN_BLOCK_CAPTURE_AUTORELEASING = YES;
				CLANG_WARN_BOOL_CONVERSION = YES;
				CLANG_WARN_COMMA = YES;
				CLANG_WARN_CONSTANT_CONVERSION = YES;
				CLANG_WARN_DEPRECATED_OBJC_IMPLEMENTATIONS = YES;
				CLANG_WARN_DIRECT_OBJC_ISA_USAGE = YES_ERROR;
				CLANG_WARN_DOCUMENTATION_COMMENTS = YES;
				CLANG_WARN_EMPTY_BODY = YES;
				CLANG_WARN_ENUM_CONVERSION = YES;
				CLANG_WARN_INFINITE_RECURSION = YES;
				CLANG_WARN_INT_CONVERSION = YES;
				CLANG_WARN_NON_LITERAL_NULL_CONVERSION = YES;
				CLANG_WARN_OBJC_IMPLICIT_RETAIN_SELF = YES;
				CLANG_WARN_OBJC_LITERAL_CONVERSION = YES;
				CLANG_WARN_OBJC_ROOT_CLASS = YES_ERROR;
				CLANG_WARN_RANGE_LOOP_ANALYSIS = YES;
				CLANG_WARN_STRICT_PROTOTYPES = YES;
				CLANG_WARN_SUSPICIOUS_MOVE = YES;
				CLANG_WARN_UNGUARDED_AVAILABILITY = YES_AGGRESSIVE;
				CLANG_WARN_UNREACHABLE_CODE = YES;
				CLANG_WARN__DUPLICATE_METHOD_MATCH = YES;
				CODE_SIGN_IDENTITY = "iPhone Developer";
				COPY_PHASE_STRIP = NO;
				DEBUG_INFORMATION_FORMAT = "dwarf-with-dsym";
				ENABLE_NS_ASSERTIONS = NO;
				ENABLE_STRICT_OBJC_MSGSEND = YES;
				GCC_C_LANGUAGE_STANDARD = gnu11;
				GCC_NO_COMMON_BLOCKS = YES;
				GCC_WARN_64_TO_32_BIT_CONVERSION = YES;
				GCC_WARN_ABOUT_RETURN_TYPE = YES_ERROR;
				GCC_WARN_UNDECLARED_SELECTOR = YES;
				GCC_WARN_UNINITIALIZED_AUTOS = YES_AGGRESSIVE;
				GCC_WARN_UNUSED_FUNCTION = YES;
				GCC_WARN_UNUSED_VARIABLE = YES;
				IPHONEOS_DEPLOYMENT_TARGET = 11.4;
				MTL_ENABLE_DEBUG_INFO = NO;
				SDKROOT = iphoneos;
				SWIFT_COMPILATION_MODE = wholemodule;
				SWIFT_OPTIMIZATION_LEVEL = "-O";
				VALIDATE_PRODUCT = YES;
			};
			name = Release;
		};
		FD50009C21AFE8B300D9886E /* Debug */ = {
			isa = XCBuildConfiguration;
			baseConfigurationReference = 1C323334DE8D4FE5788C0A32 /* Pods-FlexicuV4.debug.xcconfig */;
			buildSettings = {
				ASSETCATALOG_COMPILER_APPICON_NAME = AppIcon;
				CODE_SIGN_STYLE = Automatic;
				DEVELOPMENT_TEAM = G6TSQJ6DQ5;
				INFOPLIST_FILE = FlexicuV4/Info.plist;
				LD_RUNPATH_SEARCH_PATHS = (
					"$(inherited)",
					"@executable_path/Frameworks",
				);
				PRODUCT_BUNDLE_IDENTIFIER = dtu.diplom.s175129.FlexicuV4;
				PRODUCT_NAME = "$(TARGET_NAME)";
				SWIFT_VERSION = 4.0;
				TARGETED_DEVICE_FAMILY = "1,2";
			};
			name = Debug;
		};
		FD50009D21AFE8B300D9886E /* Release */ = {
			isa = XCBuildConfiguration;
			baseConfigurationReference = 78C2F8E8285841EBA6316FA4 /* Pods-FlexicuV4.release.xcconfig */;
			buildSettings = {
				ASSETCATALOG_COMPILER_APPICON_NAME = AppIcon;
				CODE_SIGN_STYLE = Automatic;
				DEVELOPMENT_TEAM = G6TSQJ6DQ5;
				INFOPLIST_FILE = FlexicuV4/Info.plist;
				LD_RUNPATH_SEARCH_PATHS = (
					"$(inherited)",
					"@executable_path/Frameworks",
				);
				PRODUCT_BUNDLE_IDENTIFIER = dtu.diplom.s175129.FlexicuV4;
				PRODUCT_NAME = "$(TARGET_NAME)";
				SWIFT_VERSION = 4.0;
				TARGETED_DEVICE_FAMILY = "1,2";
			};
			name = Release;
		};
/* End XCBuildConfiguration section */

/* Begin XCConfigurationList section */
		FD50008421AFE8B100D9886E /* Build configuration list for PBXProject "FlexicuV4" */ = {
			isa = XCConfigurationList;
			buildConfigurations = (
				FD50009921AFE8B300D9886E /* Debug */,
				FD50009A21AFE8B300D9886E /* Release */,
			);
			defaultConfigurationIsVisible = 0;
			defaultConfigurationName = Release;
		};
		FD50009B21AFE8B300D9886E /* Build configuration list for PBXNativeTarget "FlexicuV4" */ = {
			isa = XCConfigurationList;
			buildConfigurations = (
				FD50009C21AFE8B300D9886E /* Debug */,
				FD50009D21AFE8B300D9886E /* Release */,
			);
			defaultConfigurationIsVisible = 0;
			defaultConfigurationName = Release;
		};
/* End XCConfigurationList section */
	};
	rootObject = FD50008121AFE8B100D9886E /* Project object */;
}
